
Microsoft Visual Studio Solution File, Format Version 12.00
# Visual Studio Version 17
VisualStudioVersion = 17.7.34031.279
MinimumVisualStudioVersion = 10.0.40219.1
Project("{FAE04EC0-301F-11D3-BF4B-00C04F79EFBC}") = "Program_1", "Program_1\Program_1.csproj", "{9E2E8E63-CBED-4454-86CC-55A6C2CBF317}"
EndProject
Project("{FAE04EC0-301F-11D3-BF4B-00C04F79EFBC}") = "Program_2", "Program_2\Program_2.csproj", "{720A3BDC-38B6-4FF3-8EBA-73BF6E655B23}"
EndProject
Global
	GlobalSection(SolutionConfigurationPlatforms) = preSolution
		Debug|Any CPU = Debug|Any CPU
		Release|Any CPU = Release|Any CPU
	EndGlobalSection
	GlobalSection(ProjectConfigurationPlatforms) = postSolution
		{9E2E8E63-CBED-4454-86CC-55A6C2CBF317}.Debug|Any CPU.ActiveCfg = Debug|Any CPU
		{9E2E8E63-CBED-4454-86CC-55A6C2CBF317}.Debug|Any CPU.Build.0 = Debug|Any CPU
		{9E2E8E63-CBED-4454-86CC-55A6C2CBF317}.Release|Any CPU.ActiveCfg = Release|Any CPU
		{9E2E8E63-CBED-4454-86CC-55A6C2CBF317}.Release|Any CPU.Build.0 = Release|Any CPU
		{720A3BDC-38B6-4FF3-8EBA-73BF6E655B23}.Debug|Any CPU.ActiveCfg = Debug|Any CPU
		{720A3BDC-38B6-4FF3-8EBA-73BF6E655B23}.Debug|Any CPU.Build.0 = Debug|Any CPU
		{720A3BDC-38B6-4FF3-8EBA-73BF6E655B23}.Release|Any CPU.ActiveCfg = Release|Any CPU
		{720A3BDC-38B6-4FF3-8EBA-73BF6E655B23}.Release|Any CPU.Build.0 = Release|Any CPU
	EndGlobalSection
	GlobalSection(SolutionProperties) = preSolution
		HideSolutionNode = FALSE
	EndGlobalSection
	GlobalSection(ExtensibilityGlobals) = postSolution
		SolutionGuid = {6F1EAD79-D7C0-49C5-9407-2EFAC73DEFD1}
	EndGlobalSection
EndGlobal
